{
  "nodes": {
    "nixpkgs": {
      "locked": {
        "lastModified": 1679616449,
        "narHash": "sha256-E6Fvb13mDFa1ZY4lDbTpKbjvUOA4gbh23GWRf3ZzOOw=",
        "owner": "NixOS",
        "repo": "nixpkgs",
        "rev": "a64e169e396460d6b5763a1de1dd197df8421688",
        "type": "github"
      },
      "original": {
        "owner": "NixOS",
        "ref": "nixos-unstable",
        "repo": "nixpkgs",
        "type": "github"
      }
    },
    "root": {
      "inputs": {
        "nixpkgs": "nixpkgs"
      }
    }
  },
  "root": "root",
  "version": 7
}
